
Microsoft Visual Studio Solution File, Format Version 12.00
# Visual Studio 15
VisualStudioVersion = 15.0.28307.705
MinimumVisualStudioVersion = 10.0.40219.1
Project("{3F73FABA-60A1-44FE-92B0-280B68E688C5}") = "fpga_compile", "fpga_compile.vcxproj", "{525AC553-2703-448F-B5CA-3D2AAF275905}"
EndProject
Global
	GlobalSection(SolutionConfigurationPlatforms) = preSolution
		Debug|x64 = Debug|x64
		Release|x64 = Release|x64
	EndGlobalSection
	GlobalSection(ProjectConfigurationPlatforms) = postSolution
		{525AC553-2703-448F-B5CA-3D2AAF275905}.Debug|x64.ActiveCfg = Debug|x64
		{525AC553-2703-448F-B5CA-3D2AAF275905}.Debug|x64.Build.0 = Debug|x64
		{525AC553-2703-448F-B5CA-3D2AAF275905}.Release|x64.ActiveCfg = Release|x64
		{525AC553-2703-448F-B5CA-3D2AAF275905}.Release|x64.Build.0 = Release|x64
	EndGlobalSection
	GlobalSection(SolutionProperties) = preSolution
		HideSolutionNode = FALSE
	EndGlobalSection
	GlobalSection(ExtensibilityGlobals) = postSolution
		SolutionGuid = {ED90FBE1-AFC2-4693-8ECD-5BE10B5A5156}
	EndGlobalSection
EndGlobal
